
Microsoft Visual Studio Solution File, Format Version 12.00
# Visual Studio Version 17
VisualStudioVersion = 17.11.35222.181
MinimumVisualStudioVersion = 10.0.40219.1
Project("{FAE04EC0-301F-11D3-BF4B-00C04F79EFBC}") = "FarmerMarket", "FarmerMarket\FarmerMarket.csproj", "{15B13AA1-DE05-4497-8AF0-BFA607BACB74}"
EndProject
Global
	GlobalSection(SolutionConfigurationPlatforms) = preSolution
		Debug|Any CPU = Debug|Any CPU
		Release|Any CPU = Release|Any CPU
	EndGlobalSection
	GlobalSection(ProjectConfigurationPlatforms) = postSolution
		{15B13AA1-DE05-4497-8AF0-BFA607BACB74}.Debug|Any CPU.ActiveCfg = Debug|Any CPU
		{15B13AA1-DE05-4497-8AF0-BFA607BACB74}.Debug|Any CPU.Build.0 = Debug|Any CPU
		{15B13AA1-DE05-4497-8AF0-BFA607BACB74}.Release|Any CPU.ActiveCfg = Release|Any CPU
		{15B13AA1-DE05-4497-8AF0-BFA607BACB74}.Release|Any CPU.Build.0 = Release|Any CPU
	EndGlobalSection
	GlobalSection(SolutionProperties) = preSolution
		HideSolutionNode = FALSE
	EndGlobalSection
	GlobalSection(ExtensibilityGlobals) = postSolution
		SolutionGuid = {27E57E8D-7C66-4698-B860-5CEC7807D026}
	EndGlobalSection
EndGlobal
